// !$*UTF8*$!
{
	archiveVersion = 1;
	classes = {
	};
	objectVersion = 46;
	objects = {

/* Begin PBXBuildFile section */
		EF4DED451D51E78B005B4F8D /* main.m in Sources */ = {isa = PBXBuildFile; fileRef = EF4DED441D51E78B005B4F8D /* main.m */; };
		EF4DED481D51E78B005B4F8D /* AppDelegate.m in Sources */ = {isa = PBXBuildFile; fileRef = EF4DED471D51E78B005B4F8D /* AppDelegate.m */; };
		EF4DED4B1D51E78B005B4F8D /* ViewController.m in Sources */ = {isa = PBXBuildFile; fileRef = EF4DED4A1D51E78B005B4F8D /* ViewController.m */; };
		EF4DED4E1D51E78B005B4F8D /* Main.storyboard in Resources */ = {isa = PBXBuildFile; fileRef = EF4DED4C1D51E78B005B4F8D /* Main.storyboard */; };
		EF4DED501D51E78B005B4F8D /* Assets.xcassets in Resources */ = {isa = PBXBuildFile; fileRef = EF4DED4F1D51E78B005B4F8D /* Assets.xcassets */; };
		EF4DED531D51E78B005B4F8D /* LaunchScreen.storyboard in Resources */ = {isa = PBXBuildFile; fileRef = EF4DED511D51E78B005B4F8D /* LaunchScreen.storyboard */; };
		EF4DED5E1D51E78C005B4F8D /* LHBExtensionTests.m in Sources */ = {isa = PBXBuildFile; fileRef = EF4DED5D1D51E78C005B4F8D /* LHBExtensionTests.m */; };
		EF4DED691D51E78C005B4F8D /* LHBExtensionUITests.m in Sources */ = {isa = PBXBuildFile; fileRef = EF4DED681D51E78C005B4F8D /* LHBExtensionUITests.m */; };
		EF4DED811D51E7CB005B4F8D /* NSDate+LHBDateExtension.m in Sources */ = {isa = PBXBuildFile; fileRef = EF4DED781D51E7CB005B4F8D /* NSDate+LHBDateExtension.m */; };
		EF4DED821D51E7CB005B4F8D /* UIBarButtonItem+LHBUIBarButtonItemExtension.m in Sources */ = {isa = PBXBuildFile; fileRef = EF4DED7A1D51E7CB005B4F8D /* UIBarButtonItem+LHBUIBarButtonItemExtension.m */; };
		EF4DED831D51E7CB005B4F8D /* UIColor+LHBColorExtension.m in Sources */ = {isa = PBXBuildFile; fileRef = EF4DED7C1D51E7CB005B4F8D /* UIColor+LHBColorExtension.m */; };
		EF4DED841D51E7CB005B4F8D /* UIImage+LHBUIImageExtension.m in Sources */ = {isa = PBXBuildFile; fileRef = EF4DED7E1D51E7CB005B4F8D /* UIImage+LHBUIImageExtension.m */; };
		EF4DED851D51E7CB005B4F8D /* UIView+LHBFrameExtension.m in Sources */ = {isa = PBXBuildFile; fileRef = EF4DED801D51E7CB005B4F8D /* UIView+LHBFrameExtension.m */; };
		EF4DED8E1D51F44B005B4F8D /* GTMBase64.m in Sources */ = {isa = PBXBuildFile; fileRef = EF4DED881D51F44B005B4F8D /* GTMBase64.m */; };
		EF4DED8F1D51F44B005B4F8D /* NSData+Base64.m in Sources */ = {isa = PBXBuildFile; fileRef = EF4DED8B1D51F44B005B4F8D /* NSData+Base64.m */; };
		EF4DED901D51F44B005B4F8D /* RSA.m in Sources */ = {isa = PBXBuildFile; fileRef = EF4DED8D1D51F44B005B4F8D /* RSA.m */; };
		EF4DED971D51F477005B4F8D /* NSData+AES256.m in Sources */ = {isa = PBXBuildFile; fileRef = EF4DED921D51F477005B4F8D /* NSData+AES256.m */; };
		EF4DED981D51F477005B4F8D /* NSString+AES256.m in Sources */ = {isa = PBXBuildFile; fileRef = EF4DED941D51F477005B4F8D /* NSString+AES256.m */; };
		EF4DED991D51F477005B4F8D /* Utilities.mm in Sources */ = {isa = PBXBuildFile; fileRef = EF4DED961D51F477005B4F8D /* Utilities.mm */; };
/* End PBXBuildFile section */

/* Begin PBXContainerItemProxy section */
		EF4DED5A1D51E78C005B4F8D /* PBXContainerItemProxy */ = {
			isa = PBXContainerItemProxy;
			containerPortal = EF4DED381D51E78B005B4F8D /* Project object */;
			proxyType = 1;
			remoteGlobalIDString = EF4DED3F1D51E78B005B4F8D;
			remoteInfo = LHBExtension;
		};
		EF4DED651D51E78C005B4F8D /* PBXContainerItemProxy */ = {
			isa = PBXContainerItemProxy;
			containerPortal = EF4DED381D51E78B005B4F8D /* Project object */;
			proxyType = 1;
			remoteGlobalIDString = EF4DED3F1D51E78B005B4F8D;
			remoteInfo = LHBExtension;
		};
/* End PBXContainerItemProxy section */

/* Begin PBXFileReference section */
		EF4DED401D51E78B005B4F8D /* LHBExtension.app */ = {isa = PBXFileReference; explicitFileType = wrapper.application; includeInIndex = 0; path = LHBExtension.app; sourceTree = BUILT_PRODUCTS_DIR; };
		EF4DED441D51E78B005B4F8D /* main.m */ = {isa = PBXFileReference; lastKnownFileType = sourcecode.c.objc; path = main.m; sourceTree = "<group>"; };
		EF4DED461D51E78B005B4F8D /* AppDelegate.h */ = {isa = PBXFileReference; lastKnownFileType = sourcecode.c.h; path = AppDelegate.h; sourceTree = "<group>"; };
		EF4DED471D51E78B005B4F8D /* AppDelegate.m */ = {isa = PBXFileReference; lastKnownFileType = sourcecode.c.objc; path = AppDelegate.m; sourceTree = "<group>"; };
		EF4DED491D51E78B005B4F8D /* ViewController.h */ = {isa = PBXFileReference; lastKnownFileType = sourcecode.c.h; path = ViewController.h; sourceTree = "<group>"; };
		EF4DED4A1D51E78B005B4F8D /* ViewController.m */ = {isa = PBXFileReference; lastKnownFileType = sourcecode.c.objc; path = ViewController.m; sourceTree = "<group>"; };
		EF4DED4D1D51E78B005B4F8D /* Base */ = {isa = PBXFileReference; lastKnownFileType = file.storyboard; name = Base; path = Base.lproj/Main.storyboard; sourceTree = "<group>"; };
		EF4DED4F1D51E78B005B4F8D /* Assets.xcassets */ = {isa = PBXFileReference; lastKnownFileType = folder.assetcatalog; path = Assets.xcassets; sourceTree = "<group>"; };
		EF4DED521D51E78B005B4F8D /* Base */ = {isa = PBXFileReference; lastKnownFileType = file.storyboard; name = Base; path = Base.lproj/LaunchScreen.storyboard; sourceTree = "<group>"; };
		EF4DED541D51E78B005B4F8D /* Info.plist */ = {isa = PBXFileReference; lastKnownFileType = text.plist.xml; path = Info.plist; sourceTree = "<group>"; };
		EF4DED591D51E78C005B4F8D /* LHBExtensionTests.xctest */ = {isa = PBXFileReference; explicitFileType = wrapper.cfbundle; includeInIndex = 0; path = LHBExtensionTests.xctest; sourceTree = BUILT_PRODUCTS_DIR; };
		EF4DED5D1D51E78C005B4F8D /* LHBExtensionTests.m */ = {isa = PBXFileReference; lastKnownFileType = sourcecode.c.objc; path = LHBExtensionTests.m; sourceTree = "<group>"; };
		EF4DED5F1D51E78C005B4F8D /* Info.plist */ = {isa = PBXFileReference; lastKnownFileType = text.plist.xml; path = Info.plist; sourceTree = "<group>"; };
		EF4DED641D51E78C005B4F8D /* LHBExtensionUITests.xctest */ = {isa = PBXFileReference; explicitFileType = wrapper.cfbundle; includeInIndex = 0; path = LHBExtensionUITests.xctest; sourceTree = BUILT_PRODUCTS_DIR; };
		EF4DED681D51E78C005B4F8D /* LHBExtensionUITests.m */ = {isa = PBXFileReference; lastKnownFileType = sourcecode.c.objc; path = LHBExtensionUITests.m; sourceTree = "<group>"; };
		EF4DED6A1D51E78C005B4F8D /* Info.plist */ = {isa = PBXFileReference; lastKnownFileType = text.plist.xml; path = Info.plist; sourceTree = "<group>"; };
		EF4DED771D51E7CB005B4F8D /* NSDate+LHBDateExtension.h */ = {isa = PBXFileReference; fileEncoding = 4; lastKnownFileType = sourcecode.c.h; path = "NSDate+LHBDateExtension.h"; sourceTree = "<group>"; };
		EF4DED781D51E7CB005B4F8D /* NSDate+LHBDateExtension.m */ = {isa = PBXFileReference; fileEncoding = 4; lastKnownFileType = sourcecode.c.objc; path = "NSDate+LHBDateExtension.m"; sourceTree = "<group>"; };
		EF4DED791D51E7CB005B4F8D /* UIBarButtonItem+LHBUIBarButtonItemExtension.h */ = {isa = PBXFileReference; fileEncoding = 4; lastKnownFileType = sourcecode.c.h; path = "UIBarButtonItem+LHBUIBarButtonItemExtension.h"; sourceTree = "<group>"; };
		EF4DED7A1D51E7CB005B4F8D /* UIBarButtonItem+LHBUIBarButtonItemExtension.m */ = {isa = PBXFileReference; fileEncoding = 4; lastKnownFileType = sourcecode.c.objc; path = "UIBarButtonItem+LHBUIBarButtonItemExtension.m"; sourceTree = "<group>"; };
		EF4DED7B1D51E7CB005B4F8D /* UIColor+LHBColorExtension.h */ = {isa = PBXFileReference; fileEncoding = 4; lastKnownFileType = sourcecode.c.h; path = "UIColor+LHBColorExtension.h"; sourceTree = "<group>"; };
		EF4DED7C1D51E7CB005B4F8D /* UIColor+LHBColorExtension.m */ = {isa = PBXFileReference; fileEncoding = 4; lastKnownFileType = sourcecode.c.objc; path = "UIColor+LHBColorExtension.m"; sourceTree = "<group>"; };
		EF4DED7D1D51E7CB005B4F8D /* UIImage+LHBUIImageExtension.h */ = {isa = PBXFileReference; fileEncoding = 4; lastKnownFileType = sourcecode.c.h; path = "UIImage+LHBUIImageExtension.h"; sourceTree = "<group>"; };
		EF4DED7E1D51E7CB005B4F8D /* UIImage+LHBUIImageExtension.m */ = {isa = PBXFileReference; fileEncoding = 4; lastKnownFileType = sourcecode.c.objc; path = "UIImage+LHBUIImageExtension.m"; sourceTree = "<group>"; };
		EF4DED7F1D51E7CB005B4F8D /* UIView+LHBFrameExtension.h */ = {isa = PBXFileReference; fileEncoding = 4; lastKnownFileType = sourcecode.c.h; path = "UIView+LHBFrameExtension.h"; sourceTree = "<group>"; };
		EF4DED801D51E7CB005B4F8D /* UIView+LHBFrameExtension.m */ = {isa = PBXFileReference; fileEncoding = 4; lastKnownFileType = sourcecode.c.objc; path = "UIView+LHBFrameExtension.m"; sourceTree = "<group>"; };
		EF4DED871D51F44B005B4F8D /* GTMBase64.h */ = {isa = PBXFileReference; fileEncoding = 4; lastKnownFileType = sourcecode.c.h; path = GTMBase64.h; sourceTree = "<group>"; };
		EF4DED881D51F44B005B4F8D /* GTMBase64.m */ = {isa = PBXFileReference; fileEncoding = 4; lastKnownFileType = sourcecode.c.objc; path = GTMBase64.m; sourceTree = "<group>"; };
		EF4DED891D51F44B005B4F8D /* GTMDefines.h */ = {isa = PBXFileReference; fileEncoding = 4; lastKnownFileType = sourcecode.c.h; path = GTMDefines.h; sourceTree = "<group>"; };
		EF4DED8A1D51F44B005B4F8D /* NSData+Base64.h */ = {isa = PBXFileReference; fileEncoding = 4; lastKnownFileType = sourcecode.c.h; path = "NSData+Base64.h"; sourceTree = "<group>"; };
		EF4DED8B1D51F44B005B4F8D /* NSData+Base64.m */ = {isa = PBXFileReference; fileEncoding = 4; lastKnownFileType = sourcecode.c.objc; path = "NSData+Base64.m"; sourceTree = "<group>"; };
		EF4DED8C1D51F44B005B4F8D /* RSA.h */ = {isa = PBXFileReference; fileEncoding = 4; lastKnownFileType = sourcecode.c.h; path = RSA.h; sourceTree = "<group>"; };
		EF4DED8D1D51F44B005B4F8D /* RSA.m */ = {isa = PBXFileReference; fileEncoding = 4; lastKnownFileType = sourcecode.c.objc; path = RSA.m; sourceTree = "<group>"; };
		EF4DED911D51F477005B4F8D /* NSData+AES256.h */ = {isa = PBXFileReference; fileEncoding = 4; lastKnownFileType = sourcecode.c.h; path = "NSData+AES256.h"; sourceTree = "<group>"; };
		EF4DED921D51F477005B4F8D /* NSData+AES256.m */ = {isa = PBXFileReference; fileEncoding = 4; lastKnownFileType = sourcecode.c.objc; path = "NSData+AES256.m"; sourceTree = "<group>"; };
		EF4DED931D51F477005B4F8D /* NSString+AES256.h */ = {isa = PBXFileReference; fileEncoding = 4; lastKnownFileType = sourcecode.c.h; path = "NSString+AES256.h"; sourceTree = "<group>"; };
		EF4DED941D51F477005B4F8D /* NSString+AES256.m */ = {isa = PBXFileReference; fileEncoding = 4; lastKnownFileType = sourcecode.c.objc; path = "NSString+AES256.m"; sourceTree = "<group>"; };
		EF4DED951D51F477005B4F8D /* Utilities.h */ = {isa = PBXFileReference; fileEncoding = 4; lastKnownFileType = sourcecode.c.h; path = Utilities.h; sourceTree = "<group>"; };
		EF4DED961D51F477005B4F8D /* Utilities.mm */ = {isa = PBXFileReference; fileEncoding = 4; lastKnownFileType = sourcecode.cpp.objcpp; path = Utilities.mm; sourceTree = "<group>"; };
		EF90E39E1D5B78BC0002D365 /* Header.h */ = {isa = PBXFileReference; lastKnownFileType = sourcecode.c.h; name = Header.h; path = ../Header.h; sourceTree = "<group>"; };
/* End PBXFileReference section */

/* Begin PBXFrameworksBuildPhase section */
		EF4DED3D1D51E78B005B4F8D /* Frameworks */ = {
			isa = PBXFrameworksBuildPhase;
			buildActionMask = 2147483647;
			files = (
			);
			runOnlyForDeploymentPostprocessing = 0;
		};
		EF4DED561D51E78C005B4F8D /* Frameworks */ = {
			isa = PBXFrameworksBuildPhase;
			buildActionMask = 2147483647;
			files = (
			);
			runOnlyForDeploymentPostprocessing = 0;
		};
		EF4DED611D51E78C005B4F8D /* Frameworks */ = {
			isa = PBXFrameworksBuildPhase;
			buildActionMask = 2147483647;
			files = (
			);
			runOnlyForDeploymentPostprocessing = 0;
		};
/* End PBXFrameworksBuildPhase section */

/* Begin PBXGroup section */
		EF4DED371D51E78B005B4F8D = {
			isa = PBXGroup;
			children = (
				EF4DED421D51E78B005B4F8D /* LHBExtension */,
				EF4DED5C1D51E78C005B4F8D /* LHBExtensionTests */,
				EF4DED671D51E78C005B4F8D /* LHBExtensionUITests */,
				EF4DED411D51E78B005B4F8D /* Products */,
			);
			sourceTree = "<group>";
		};
		EF4DED411D51E78B005B4F8D /* Products */ = {
			isa = PBXGroup;
			children = (
				EF4DED401D51E78B005B4F8D /* LHBExtension.app */,
				EF4DED591D51E78C005B4F8D /* LHBExtensionTests.xctest */,
				EF4DED641D51E78C005B4F8D /* LHBExtensionUITests.xctest */,
			);
			name = Products;
			sourceTree = "<group>";
		};
		EF4DED421D51E78B005B4F8D /* LHBExtension */ = {
			isa = PBXGroup;
			children = (
				EF90E39F1D5B78C20002D365 /* Header */,
				EF4DED861D51F1DF005B4F8D /* Tools */,
				EF4DED761D51E7B2005B4F8D /* Extension */,
				EF4DED461D51E78B005B4F8D /* AppDelegate.h */,
				EF4DED471D51E78B005B4F8D /* AppDelegate.m */,
				EF4DED491D51E78B005B4F8D /* ViewController.h */,
				EF4DED4A1D51E78B005B4F8D /* ViewController.m */,
				EF4DED4C1D51E78B005B4F8D /* Main.storyboard */,
				EF4DED4F1D51E78B005B4F8D /* Assets.xcassets */,
				EF4DED511D51E78B005B4F8D /* LaunchScreen.storyboard */,
				EF4DED541D51E78B005B4F8D /* Info.plist */,
				EF4DED431D51E78B005B4F8D /* Supporting Files */,
			);
			path = LHBExtension;
			sourceTree = "<group>";
		};
		EF4DED431D51E78B005B4F8D /* Supporting Files */ = {
			isa = PBXGroup;
			children = (
				EF4DED441D51E78B005B4F8D /* main.m */,
			);
			name = "Supporting Files";
			sourceTree = "<group>";
		};
		EF4DED5C1D51E78C005B4F8D /* LHBExtensionTests */ = {
			isa = PBXGroup;
			children = (
				EF4DED5D1D51E78C005B4F8D /* LHBExtensionTests.m */,
				EF4DED5F1D51E78C005B4F8D /* Info.plist */,
			);
			path = LHBExtensionTests;
			sourceTree = "<group>";
		};
		EF4DED671D51E78C005B4F8D /* LHBExtensionUITests */ = {
			isa = PBXGroup;
			children = (
				EF4DED681D51E78C005B4F8D /* LHBExtensionUITests.m */,
				EF4DED6A1D51E78C005B4F8D /* Info.plist */,
			);
			path = LHBExtensionUITests;
			sourceTree = "<group>";
		};
		EF4DED761D51E7B2005B4F8D /* Extension */ = {
			isa = PBXGroup;
			children = (
				EF4DED771D51E7CB005B4F8D /* NSDate+LHBDateExtension.h */,
				EF4DED781D51E7CB005B4F8D /* NSDate+LHBDateExtension.m */,
				EF4DED791D51E7CB005B4F8D /* UIBarButtonItem+LHBUIBarButtonItemExtension.h */,
				EF4DED7A1D51E7CB005B4F8D /* UIBarButtonItem+LHBUIBarButtonItemExtension.m */,
				EF4DED7B1D51E7CB005B4F8D /* UIColor+LHBColorExtension.h */,
				EF4DED7C1D51E7CB005B4F8D /* UIColor+LHBColorExtension.m */,
				EF4DED7D1D51E7CB005B4F8D /* UIImage+LHBUIImageExtension.h */,
				EF4DED7E1D51E7CB005B4F8D /* UIImage+LHBUIImageExtension.m */,
				EF4DED7F1D51E7CB005B4F8D /* UIView+LHBFrameExtension.h */,
				EF4DED801D51E7CB005B4F8D /* UIView+LHBFrameExtension.m */,
			);
			path = Extension;
			sourceTree = "<group>";
		};
		EF4DED861D51F1DF005B4F8D /* Tools */ = {
			isa = PBXGroup;
			children = (
				EF4DED911D51F477005B4F8D /* NSData+AES256.h */,
				EF4DED921D51F477005B4F8D /* NSData+AES256.m */,
				EF4DED931D51F477005B4F8D /* NSString+AES256.h */,
				EF4DED941D51F477005B4F8D /* NSString+AES256.m */,
				EF4DED951D51F477005B4F8D /* Utilities.h */,
				EF4DED961D51F477005B4F8D /* Utilities.mm */,
				EF4DED871D51F44B005B4F8D /* GTMBase64.h */,
				EF4DED881D51F44B005B4F8D /* GTMBase64.m */,
				EF4DED891D51F44B005B4F8D /* GTMDefines.h */,
				EF4DED8A1D51F44B005B4F8D /* NSData+Base64.h */,
				EF4DED8B1D51F44B005B4F8D /* NSData+Base64.m */,
				EF4DED8C1D51F44B005B4F8D /* RSA.h */,
				EF4DED8D1D51F44B005B4F8D /* RSA.m */,
			);
			path = Tools;
			sourceTree = "<group>";
		};
		EF90E39F1D5B78C20002D365 /* Header */ = {
			isa = PBXGroup;
			children = (
				EF90E39E1D5B78BC0002D365 /* Header.h */,
			);
			name = Header;
			path = Extension;
			sourceTree = "<group>";
		};
/* End PBXGroup section */

/* Begin PBXNativeTarget section */
		EF4DED3F1D51E78B005B4F8D /* LHBExtension */ = {
			isa = PBXNativeTarget;
			buildConfigurationList = EF4DED6D1D51E78C005B4F8D /* Build configuration list for PBXNativeTarget "LHBExtension" */;
			buildPhases = (
				EF4DED3C1D51E78B005B4F8D /* Sources */,
				EF4DED3D1D51E78B005B4F8D /* Frameworks */,
				EF4DED3E1D51E78B005B4F8D /* Resources */,
			);
			buildRules = (
			);
			dependencies = (
			);
			name = LHBExtension;
			productName = LHBExtension;
			productReference = EF4DED401D51E78B005B4F8D /* LHBExtension.app */;
			productType = "com.apple.product-type.application";
		};
		EF4DED581D51E78C005B4F8D /* LHBExtensionTests */ = {
			isa = PBXNativeTarget;
			buildConfigurationList = EF4DED701D51E78C005B4F8D /* Build configuration list for PBXNativeTarget "LHBExtensionTests" */;
			buildPhases = (
				EF4DED551D51E78C005B4F8D /* Sources */,
				EF4DED561D51E78C005B4F8D /* Frameworks */,
				EF4DED571D51E78C005B4F8D /* Resources */,
			);
			buildRules = (
			);
			dependencies = (
				EF4DED5B1D51E78C005B4F8D /* PBXTargetDependency */,
			);
			name = LHBExtensionTests;
			productName = LHBExtensionTests;
			productReference = EF4DED591D51E78C005B4F8D /* LHBExtensionTests.xctest */;
			productType = "com.apple.product-type.bundle.unit-test";
		};
		EF4DED631D51E78C005B4F8D /* LHBExtensionUITests */ = {
			isa = PBXNativeTarget;
			buildConfigurationList = EF4DED731D51E78C005B4F8D /* Build configuration list for PBXNativeTarget "LHBExtensionUITests" */;
			buildPhases = (
				EF4DED601D51E78C005B4F8D /* Sources */,
				EF4DED611D51E78C005B4F8D /* Frameworks */,
				EF4DED621D51E78C005B4F8D /* Resources */,
			);
			buildRules = (
			);
			dependencies = (
				EF4DED661D51E78C005B4F8D /* PBXTargetDependency */,
			);
			name = LHBExtensionUITests;
			productName = LHBExtensionUITests;
			productReference = EF4DED641D51E78C005B4F8D /* LHBExtensionUITests.xctest */;
			productType = "com.apple.product-type.bundle.ui-testing";
		};
/* End PBXNativeTarget section */

/* Begin PBXProject section */
		EF4DED381D51E78B005B4F8D /* Project object */ = {
			isa = PBXProject;
			attributes = {
				LastUpgradeCheck = 0730;
				ORGANIZATIONNAME = LHB;
				TargetAttributes = {
					EF4DED3F1D51E78B005B4F8D = {
						CreatedOnToolsVersion = 7.3.1;
					};
					EF4DED581D51E78C005B4F8D = {
						CreatedOnToolsVersion = 7.3.1;
						TestTargetID = EF4DED3F1D51E78B005B4F8D;
					};
					EF4DED631D51E78C005B4F8D = {
						CreatedOnToolsVersion = 7.3.1;
						TestTargetID = EF4DED3F1D51E78B005B4F8D;
					};
				};
			};
			buildConfigurationList = EF4DED3B1D51E78B005B4F8D /* Build configuration list for PBXProject "LHBExtension" */;
			compatibilityVersion = "Xcode 3.2";
			developmentRegion = English;
			hasScannedForEncodings = 0;
			knownRegions = (
				en,
				Base,
			);
			mainGroup = EF4DED371D51E78B005B4F8D;
			productRefGroup = EF4DED411D51E78B005B4F8D /* Products */;
			projectDirPath = "";
			projectRoot = "";
			targets = (
				EF4DED3F1D51E78B005B4F8D /* LHBExtension */,
				EF4DED581D51E78C005B4F8D /* LHBExtensionTests */,
				EF4DED631D51E78C005B4F8D /* LHBExtensionUITests */,
			);
		};
/* End PBXProject section */

/* Begin PBXResourcesBuildPhase section */
		EF4DED3E1D51E78B005B4F8D /* Resources */ = {
			isa = PBXResourcesBuildPhase;
			buildActionMask = 2147483647;
			files = (
				EF4DED531D51E78B005B4F8D /* LaunchScreen.storyboard in Resources */,
				EF4DED501D51E78B005B4F8D /* Assets.xcassets in Resources */,
				EF4DED4E1D51E78B005B4F8D /* Main.storyboard in Resources */,
			);
			runOnlyForDeploymentPostprocessing = 0;
		};
		EF4DED571D51E78C005B4F8D /* Resources */ = {
			isa = PBXResourcesBuildPhase;
			buildActionMask = 2147483647;
			files = (
			);
			runOnlyForDeploymentPostprocessing = 0;
		};
		EF4DED621D51E78C005B4F8D /* Resources */ = {
			isa = PBXResourcesBuildPhase;
			buildActionMask = 2147483647;
			files = (
			);
			runOnlyForDeploymentPostprocessing = 0;
		};
/* End PBXResourcesBuildPhase section */

/* Begin PBXSourcesBuildPhase section */
		EF4DED3C1D51E78B005B4F8D /* Sources */ = {
			isa = PBXSourcesBuildPhase;
			buildActionMask = 2147483647;
			files = (
				EF4DED901D51F44B005B4F8D /* RSA.m in Sources */,
				EF4DED831D51E7CB005B4F8D /* UIColor+LHBColorExtension.m in Sources */,
				EF4DED4B1D51E78B005B4F8D /* ViewController.m in Sources */,
				EF4DED481D51E78B005B4F8D /* AppDelegate.m in Sources */,
				EF4DED451D51E78B005B4F8D /* main.m in Sources */,
				EF4DED811D51E7CB005B4F8D /* NSDate+LHBDateExtension.m in Sources */,
				EF4DED821D51E7CB005B4F8D /* UIBarButtonItem+LHBUIBarButtonItemExtension.m in Sources */,
				EF4DED841D51E7CB005B4F8D /* UIImage+LHBUIImageExtension.m in Sources */,
				EF4DED8F1D51F44B005B4F8D /* NSData+Base64.m in Sources */,
				EF4DED981D51F477005B4F8D /* NSString+AES256.m in Sources */,
				EF4DED991D51F477005B4F8D /* Utilities.mm in Sources */,
				EF4DED8E1D51F44B005B4F8D /* GTMBase64.m in Sources */,
				EF4DED971D51F477005B4F8D /* NSData+AES256.m in Sources */,
				EF4DED851D51E7CB005B4F8D /* UIView+LHBFrameExtension.m in Sources */,
			);
			runOnlyForDeploymentPostprocessing = 0;
		};
		EF4DED551D51E78C005B4F8D /* Sources */ = {
			isa = PBXSourcesBuildPhase;
			buildActionMask = 2147483647;
			files = (
				EF4DED5E1D51E78C005B4F8D /* LHBExtensionTests.m in Sources */,
			);
			runOnlyForDeploymentPostprocessing = 0;
		};
		EF4DED601D51E78C005B4F8D /* Sources */ = {
			isa = PBXSourcesBuildPhase;
			buildActionMask = 2147483647;
			files = (
				EF4DED691D51E78C005B4F8D /* LHBExtensionUITests.m in Sources */,
			);
			runOnlyForDeploymentPostprocessing = 0;
		};
/* End PBXSourcesBuildPhase section */

/* Begin PBXTargetDependency section */
		EF4DED5B1D51E78C005B4F8D /* PBXTargetDependency */ = {
			isa = PBXTargetDependency;
			target = EF4DED3F1D51E78B005B4F8D /* LHBExtension */;
			targetProxy = EF4DED5A1D51E78C005B4F8D /* PBXContainerItemProxy */;
		};
		EF4DED661D51E78C005B4F8D /* PBXTargetDependency */ = {
			isa = PBXTargetDependency;
			target = EF4DED3F1D51E78B005B4F8D /* LHBExtension */;
			targetProxy = EF4DED651D51E78C005B4F8D /* PBXContainerItemProxy */;
		};
/* End PBXTargetDependency section */

/* Begin PBXVariantGroup section */
		EF4DED4C1D51E78B005B4F8D /* Main.storyboard */ = {
			isa = PBXVariantGroup;
			children = (
				EF4DED4D1D51E78B005B4F8D /* Base */,
			);
			name = Main.storyboard;
			sourceTree = "<group>";
		};
		EF4DED511D51E78B005B4F8D /* LaunchScreen.storyboard */ = {
			isa = PBXVariantGroup;
			children = (
				EF4DED521D51E78B005B4F8D /* Base */,
			);
			name = LaunchScreen.storyboard;
			sourceTree = "<group>";
		};
/* End PBXVariantGroup section */

/* Begin XCBuildConfiguration section */
		EF4DED6B1D51E78C005B4F8D /* Debug */ = {
			isa = XCBuildConfiguration;
			buildSettings = {
				ALWAYS_SEARCH_USER_PATHS = NO;
				CLANG_ANALYZER_NONNULL = YES;
				CLANG_CXX_LANGUAGE_STANDARD = "gnu++0x";
				CLANG_CXX_LIBRARY = "libc++";
				CLANG_ENABLE_MODULES = YES;
				CLANG_ENABLE_OBJC_ARC = YES;
				CLANG_WARN_BOOL_CONVERSION = YES;
				CLANG_WARN_CONSTANT_CONVERSION = YES;
				CLANG_WARN_DIRECT_OBJC_ISA_USAGE = YES_ERROR;
				CLANG_WARN_EMPTY_BODY = YES;
				CLANG_WARN_ENUM_CONVERSION = YES;
				CLANG_WARN_INT_CONVERSION = YES;
				CLANG_WARN_OBJC_ROOT_CLASS = YES_ERROR;
				CLANG_WARN_UNREACHABLE_CODE = YES;
				CLANG_WARN__DUPLICATE_METHOD_MATCH = YES;
				"CODE_SIGN_IDENTITY[sdk=iphoneos*]" = "iPhone Developer";
				COPY_PHASE_STRIP = NO;
				DEBUG_INFORMATION_FORMAT = dwarf;
				ENABLE_STRICT_OBJC_MSGSEND = YES;
				ENABLE_TESTABILITY = YES;
				GCC_C_LANGUAGE_STANDARD = gnu99;
				GCC_DYNAMIC_NO_PIC = NO;
				GCC_NO_COMMON_BLOCKS = YES;
				GCC_OPTIMIZATION_LEVEL = 0;
				GCC_PREPROCESSOR_DEFINITIONS = (
					"DEBUG=1",
					"$(inherited)",
				);
				GCC_WARN_64_TO_32_BIT_CONVERSION = YES;
				GCC_WARN_ABOUT_RETURN_TYPE = YES_ERROR;
				GCC_WARN_UNDECLARED_SELECTOR = YES;
				GCC_WARN_UNINITIALIZED_AUTOS = YES_AGGRESSIVE;
				GCC_WARN_UNUSED_FUNCTION = YES;
				GCC_WARN_UNUSED_VARIABLE = YES;
				IPHONEOS_DEPLOYMENT_TARGET = 9.3;
				MTL_ENABLE_DEBUG_INFO = YES;
				ONLY_ACTIVE_ARCH = YES;
				SDKROOT = iphoneos;
				TARGETED_DEVICE_FAMILY = "1,2";
			};
			name = Debug;
		};
		EF4DED6C1D51E78C005B4F8D /* Release */ = {
			isa = XCBuildConfiguration;
			buildSettings = {
				ALWAYS_SEARCH_USER_PATHS = NO;
				CLANG_ANALYZER_NONNULL = YES;
				CLANG_CXX_LANGUAGE_STANDARD = "gnu++0x";
				CLANG_CXX_LIBRARY = "libc++";
				CLANG_ENABLE_MODULES = YES;
				CLANG_ENABLE_OBJC_ARC = YES;
				CLANG_WARN_BOOL_CONVERSION = YES;
				CLANG_WARN_CONSTANT_CONVERSION = YES;
				CLANG_WARN_DIRECT_OBJC_ISA_USAGE = YES_ERROR;
				CLANG_WARN_EMPTY_BODY = YES;
				CLANG_WARN_ENUM_CONVERSION = YES;
				CLANG_WARN_INT_CONVERSION = YES;
				CLANG_WARN_OBJC_ROOT_CLASS = YES_ERROR;
				CLANG_WARN_UNREACHABLE_CODE = YES;
				CLANG_WARN__DUPLICATE_METHOD_MATCH = YES;
				"CODE_SIGN_IDENTITY[sdk=iphoneos*]" = "iPhone Developer";
				COPY_PHASE_STRIP = NO;
				DEBUG_INFORMATION_FORMAT = "dwarf-with-dsym";
				ENABLE_NS_ASSERTIONS = NO;
				ENABLE_STRICT_OBJC_MSGSEND = YES;
				GCC_C_LANGUAGE_STANDARD = gnu99;
				GCC_NO_COMMON_BLOCKS = YES;
				GCC_WARN_64_TO_32_BIT_CONVERSION = YES;
				GCC_WARN_ABOUT_RETURN_TYPE = YES_ERROR;
				GCC_WARN_UNDECLARED_SELECTOR = YES;
				GCC_WARN_UNINITIALIZED_AUTOS = YES_AGGRESSIVE;
				GCC_WARN_UNUSED_FUNCTION = YES;
				GCC_WARN_UNUSED_VARIABLE = YES;
				IPHONEOS_DEPLOYMENT_TARGET = 9.3;
				MTL_ENABLE_DEBUG_INFO = NO;
				SDKROOT = iphoneos;
				TARGETED_DEVICE_FAMILY = "1,2";
				VALIDATE_PRODUCT = YES;
			};
			name = Release;
		};
		EF4DED6E1D51E78C005B4F8D /* Debug */ = {
			isa = XCBuildConfiguration;
			buildSettings = {
				ASSETCATALOG_COMPILER_APPICON_NAME = AppIcon;
				INFOPLIST_FILE = LHBExtension/Info.plist;
				LD_RUNPATH_SEARCH_PATHS = "$(inherited) @executable_path/Frameworks";
				PRODUCT_BUNDLE_IDENTIFIER = com.lhb.company.LHBExtension;
				PRODUCT_NAME = "$(TARGET_NAME)";
			};
			name = Debug;
		};
		EF4DED6F1D51E78C005B4F8D /* Release */ = {
			isa = XCBuildConfiguration;
			buildSettings = {
				ASSETCATALOG_COMPILER_APPICON_NAME = AppIcon;
				INFOPLIST_FILE = LHBExtension/Info.plist;
				LD_RUNPATH_SEARCH_PATHS = "$(inherited) @executable_path/Frameworks";
				PRODUCT_BUNDLE_IDENTIFIER = com.lhb.company.LHBExtension;
				PRODUCT_NAME = "$(TARGET_NAME)";
			};
			name = Release;
		};
		EF4DED711D51E78C005B4F8D /* Debug */ = {
			isa = XCBuildConfiguration;
			buildSettings = {
				BUNDLE_LOADER = "$(TEST_HOST)";
				INFOPLIST_FILE = LHBExtensionTests/Info.plist;
				LD_RUNPATH_SEARCH_PATHS = "$(inherited) @executable_path/Frameworks @loader_path/Frameworks";
				PRODUCT_BUNDLE_IDENTIFIER = com.lhb.company.LHBExtensionTests;
				PRODUCT_NAME = "$(TARGET_NAME)";
				TEST_HOST = "$(BUILT_PRODUCTS_DIR)/LHBExtension.app/LHBExtension";
			};
			name = Debug;
		};
		EF4DED721D51E78C005B4F8D /* Release */ = {
			isa = XCBuildConfiguration;
			buildSettings = {
				BUNDLE_LOADER = "$(TEST_HOST)";
				INFOPLIST_FILE = LHBExtensionTests/Info.plist;
				LD_RUNPATH_SEARCH_PATHS = "$(inherited) @executable_path/Frameworks @loader_path/Frameworks";
				PRODUCT_BUNDLE_IDENTIFIER = com.lhb.company.LHBExtensionTests;
				PRODUCT_NAME = "$(TARGET_NAME)";
				TEST_HOST = "$(BUILT_PRODUCTS_DIR)/LHBExtension.app/LHBExtension";
			};
			name = Release;
		};
		EF4DED741D51E78C005B4F8D /* Debug */ = {
			isa = XCBuildConfiguration;
			buildSettings = {
				INFOPLIST_FILE = LHBExtensionUITests/Info.plist;
				LD_RUNPATH_SEARCH_PATHS = "$(inherited) @executable_path/Frameworks @loader_path/Frameworks";
				PRODUCT_BUNDLE_IDENTIFIER = com.lhb.company.LHBExtensionUITests;
				PRODUCT_NAME = "$(TARGET_NAME)";
				TEST_TARGET_NAME = LHBExtension;
			};
			name = Debug;
		};
		EF4DED751D51E78C005B4F8D /* Release */ = {
			isa = XCBuildConfiguration;
			buildSettings = {
				INFOPLIST_FILE = LHBExtensionUITests/Info.plist;
				LD_RUNPATH_SEARCH_PATHS = "$(inherited) @executable_path/Frameworks @loader_path/Frameworks";
				PRODUCT_BUNDLE_IDENTIFIER = com.lhb.company.LHBExtensionUITests;
				PRODUCT_NAME = "$(TARGET_NAME)";
				TEST_TARGET_NAME = LHBExtension;
			};
			name = Release;
		};
/* End XCBuildConfiguration section */

/* Begin XCConfigurationList section */
		EF4DED3B1D51E78B005B4F8D /* Build configuration list for PBXProject "LHBExtension" */ = {
			isa = XCConfigurationList;
			buildConfigurations = (
				EF4DED6B1D51E78C005B4F8D /* Debug */,
				EF4DED6C1D51E78C005B4F8D /* Release */,
			);
			defaultConfigurationIsVisible = 0;
			defaultConfigurationName = Release;
		};
		EF4DED6D1D51E78C005B4F8D /* Build configuration list for PBXNativeTarget "LHBExtension" */ = {
			isa = XCConfigurationList;
			buildConfigurations = (
				EF4DED6E1D51E78C005B4F8D /* Debug */,
				EF4DED6F1D51E78C005B4F8D /* Release */,
			);
			defaultConfigurationIsVisible = 0;
			defaultConfigurationName = Release;
		};
		EF4DED701D51E78C005B4F8D /* Build configuration list for PBXNativeTarget "LHBExtensionTests" */ = {
			isa = XCConfigurationList;
			buildConfigurations = (
				EF4DED711D51E78C005B4F8D /* Debug */,
				EF4DED721D51E78C005B4F8D /* Release */,
			);
			defaultConfigurationIsVisible = 0;
			defaultConfigurationName = Release;
		};
		EF4DED731D51E78C005B4F8D /* Build configuration list for PBXNativeTarget "LHBExtensionUITests" */ = {
			isa = XCConfigurationList;
			buildConfigurations = (
				EF4DED741D51E78C005B4F8D /* Debug */,
				EF4DED751D51E78C005B4F8D /* Release */,
			);
			defaultConfigurationIsVisible = 0;
			defaultConfigurationName = Release;
		};
/* End XCConfigurationList section */
	};
	rootObject = EF4DED381D51E78B005B4F8D /* Project object */;
}
